
Microsoft Visual Studio Solution File, Format Version 12.00
# Visual Studio Version 17
VisualStudioVersion = 17.3.32901.215
MinimumVisualStudioVersion = 10.0.40219.1
Project("{FAE04EC0-301F-11D3-BF4B-00C04F79EFBC}") = "DamienATS1", "DamienATS1.csproj", "{99545B1D-8491-40BB-B9D6-DC4D2176DC07}"
EndProject
Global
	GlobalSection(SolutionConfigurationPlatforms) = preSolution
		Debug|Any CPU = Debug|Any CPU
		Release|Any CPU = Release|Any CPU
	EndGlobalSection
	GlobalSection(ProjectConfigurationPlatforms) = postSolution
		{99545B1D-8491-40BB-B9D6-DC4D2176DC07}.Debug|Any CPU.ActiveCfg = Debug|Any CPU
		{99545B1D-8491-40BB-B9D6-DC4D2176DC07}.Debug|Any CPU.Build.0 = Debug|Any CPU
		{99545B1D-8491-40BB-B9D6-DC4D2176DC07}.Release|Any CPU.ActiveCfg = Release|Any CPU
		{99545B1D-8491-40BB-B9D6-DC4D2176DC07}.Release|Any CPU.Build.0 = Release|Any CPU
	EndGlobalSection
	GlobalSection(SolutionProperties) = preSolution
		HideSolutionNode = FALSE
	EndGlobalSection
	GlobalSection(ExtensibilityGlobals) = postSolution
		SolutionGuid = {60477A84-91D3-448C-BBDD-C29B674737DB}
	EndGlobalSection
EndGlobal
